
Microsoft Visual Studio Solution File, Format Version 12.00
# Visual Studio 15
VisualStudioVersion = 15.0.26730.15
MinimumVisualStudioVersion = 10.0.40219.1
Project("{888888A0-9F3D-457C-B088-3A5042F75D52}") = "mercadorias3", "mercadorias3\mercadorias3.pyproj", "{62ADBAF4-E26C-4540-9D69-FB2CD3398968}"
EndProject
Global
	GlobalSection(SolutionConfigurationPlatforms) = preSolution
		Debug|Any CPU = Debug|Any CPU
		Release|Any CPU = Release|Any CPU
	EndGlobalSection
	GlobalSection(ProjectConfigurationPlatforms) = postSolution
		{62ADBAF4-E26C-4540-9D69-FB2CD3398968}.Debug|Any CPU.ActiveCfg = Debug|Any CPU
		{62ADBAF4-E26C-4540-9D69-FB2CD3398968}.Debug|Any CPU.Build.0 = Debug|Any CPU
		{62ADBAF4-E26C-4540-9D69-FB2CD3398968}.Release|Any CPU.ActiveCfg = Release|Any CPU
		{62ADBAF4-E26C-4540-9D69-FB2CD3398968}.Release|Any CPU.Build.0 = Release|Any CPU
	EndGlobalSection
	GlobalSection(SolutionProperties) = preSolution
		HideSolutionNode = FALSE
	EndGlobalSection
	GlobalSection(ExtensibilityGlobals) = postSolution
		SolutionGuid = {8DFC7CE6-FDDA-4BE6-91AD-7D043FA7F19E}
	EndGlobalSection
EndGlobal
